// !$*UTF8*$!
{
	archiveVersion = 1;
	classes = {
	};
	objectVersion = 56;
	objects = {

/* Begin PBXBuildFile section */
		0CA373432C57CC59001D5CD2 /* AppDelegate.swift in Sources */ = {isa = PBXBuildFile; fileRef = 0CA373422C57CC59001D5CD2 /* AppDelegate.swift */; };
		0CA373452C57CC59001D5CD2 /* SceneDelegate.swift in Sources */ = {isa = PBXBuildFile; fileRef = 0CA373442C57CC59001D5CD2 /* SceneDelegate.swift */; };
		0CA3734C2C57CC5A001D5CD2 /* Assets.xcassets in Resources */ = {isa = PBXBuildFile; fileRef = 0CA3734B2C57CC5A001D5CD2 /* Assets.xcassets */; };
		0CA3734F2C57CC5A001D5CD2 /* Base in Resources */ = {isa = PBXBuildFile; fileRef = 0CA3734E2C57CC5A001D5CD2 /* Base */; };
		0CA373612C57D56C001D5CD2 /* .swiftlint.yml in Resources */ = {isa = PBXBuildFile; fileRef = 0CA373602C57D56C001D5CD2 /* .swiftlint.yml */; };
		0CA373642C57D709001D5CD2 /* SnapKit in Frameworks */ = {isa = PBXBuildFile; productRef = 0CA373632C57D709001D5CD2 /* SnapKit */; };
		0CA373672C57D7AA001D5CD2 /* RswiftLibrary in Frameworks */ = {isa = PBXBuildFile; productRef = 0CA373662C57D7AA001D5CD2 /* RswiftLibrary */; };
		0CA373902C57DCEE001D5CD2 /* LabGrotesque-Bold.ttf in Resources */ = {isa = PBXBuildFile; fileRef = 0CA3738D2C57DCEE001D5CD2 /* LabGrotesque-Bold.ttf */; };
		0CA373912C57DCEE001D5CD2 /* LabGrotesque-Medium.ttf in Resources */ = {isa = PBXBuildFile; fileRef = 0CA3738E2C57DCEE001D5CD2 /* LabGrotesque-Medium.ttf */; };
		0CA373922C57DCEE001D5CD2 /* LabGrotesque-Regular.ttf in Resources */ = {isa = PBXBuildFile; fileRef = 0CA3738F2C57DCEE001D5CD2 /* LabGrotesque-Regular.ttf */; };
		0CA373982C57DFF9001D5CD2 /* AppTheme.swift in Sources */ = {isa = PBXBuildFile; fileRef = 0CA373972C57DFF9001D5CD2 /* AppTheme.swift */; };
		0CA373B82C591173001D5CD2 /* RocketsViewProtocol.swift in Sources */ = {isa = PBXBuildFile; fileRef = 0CA373B72C591173001D5CD2 /* RocketsViewProtocol.swift */; };
		0CA373BB2C591180001D5CD2 /* RocketsViewController.swift in Sources */ = {isa = PBXBuildFile; fileRef = 0CA373BA2C591180001D5CD2 /* RocketsViewController.swift */; };
		0CA373BD2C591189001D5CD2 /* RocketsPresenter.swift in Sources */ = {isa = PBXBuildFile; fileRef = 0CA373BC2C591189001D5CD2 /* RocketsPresenter.swift */; };
		0CA373BF2C591194001D5CD2 /* RocketsInteractor.swift in Sources */ = {isa = PBXBuildFile; fileRef = 0CA373BE2C591194001D5CD2 /* RocketsInteractor.swift */; };
		0CA373C22C5911AC001D5CD2 /* RocketsRouter.swift in Sources */ = {isa = PBXBuildFile; fileRef = 0CA373C12C5911AC001D5CD2 /* RocketsRouter.swift */; };
		0CA373C42C5911BB001D5CD2 /* RocketsRouterProtocol.swift in Sources */ = {isa = PBXBuildFile; fileRef = 0CA373C32C5911BB001D5CD2 /* RocketsRouterProtocol.swift */; };
		0CA373C62C5911D2001D5CD2 /* RocketsIntercatorProtocol.swift in Sources */ = {isa = PBXBuildFile; fileRef = 0CA373C52C5911D2001D5CD2 /* RocketsIntercatorProtocol.swift */; };
		0CA373C82C591338001D5CD2 /* TransitionHandler.swift in Sources */ = {isa = PBXBuildFile; fileRef = 0CA373C72C591338001D5CD2 /* TransitionHandler.swift */; };
		0CA373CB2C5916BA001D5CD2 /* RocketsModuleAssembly.swift in Sources */ = {isa = PBXBuildFile; fileRef = 0CA373CA2C5916BA001D5CD2 /* RocketsModuleAssembly.swift */; };
		0CA373CE2C5919A2001D5CD2 /* RocketsView.swift in Sources */ = {isa = PBXBuildFile; fileRef = 0CA373CD2C5919A2001D5CD2 /* RocketsView.swift */; };
		0CA373D22C591A0E001D5CD2 /* UIView+Ext.swift in Sources */ = {isa = PBXBuildFile; fileRef = 0CA373D12C591A0E001D5CD2 /* UIView+Ext.swift */; };
		0CA373D52C591B8A001D5CD2 /* SliderCollectionView.swift in Sources */ = {isa = PBXBuildFile; fileRef = 0CA373D42C591B8A001D5CD2 /* SliderCollectionView.swift */; };
		0CA373D72C592FA8001D5CD2 /* PageControl.swift in Sources */ = {isa = PBXBuildFile; fileRef = 0CA373D62C592FA8001D5CD2 /* PageControl.swift */; };
		0CA373DA2C593606001D5CD2 /* RocketCell.swift in Sources */ = {isa = PBXBuildFile; fileRef = 0CA373D92C593606001D5CD2 /* RocketCell.swift */; };
		0CA373DD2C594D87001D5CD2 /* RocketScrollView.swift in Sources */ = {isa = PBXBuildFile; fileRef = 0CA373DC2C594D87001D5CD2 /* RocketScrollView.swift */; };
		0CA373E62C5A736E001D5CD2 /* RocketStatsTableViewCell.swift in Sources */ = {isa = PBXBuildFile; fileRef = 0CA373E52C5A736E001D5CD2 /* RocketStatsTableViewCell.swift */; };
		0CA373E82C5A73D9001D5CD2 /* ReuseIdentifiable.swift in Sources */ = {isa = PBXBuildFile; fileRef = 0CA373E72C5A73D9001D5CD2 /* ReuseIdentifiable.swift */; };
		0CA373ED2C5A7542001D5CD2 /* RocketDataCell.swift in Sources */ = {isa = PBXBuildFile; fileRef = 0CA373EC2C5A7542001D5CD2 /* RocketDataCell.swift */; };
		0CA373F02C5A7F26001D5CD2 /* RocketDescriptionTableViewCell.swift in Sources */ = {isa = PBXBuildFile; fileRef = 0CA373EF2C5A7F26001D5CD2 /* RocketDescriptionTableViewCell.swift */; };
		0CA373F32C5A9B47001D5CD2 /* TableView.swift in Sources */ = {isa = PBXBuildFile; fileRef = 0CA373F22C5A9B47001D5CD2 /* TableView.swift */; };
		0CA373F62C5AAB28001D5CD2 /* TableFooterView.swift in Sources */ = {isa = PBXBuildFile; fileRef = 0CA373F52C5AAB28001D5CD2 /* TableFooterView.swift */; };
		0CA373FC2C5AC32D001D5CD2 /* RocketStatsCollectionView.swift in Sources */ = {isa = PBXBuildFile; fileRef = 0CA373FB2C5AC32D001D5CD2 /* RocketStatsCollectionView.swift */; };
		0CA374112C5BC3BA001D5CD2 /* ContentView.swift in Sources */ = {isa = PBXBuildFile; fileRef = 0CA374102C5BC3BA001D5CD2 /* ContentView.swift */; };
		0CA374152C5BC7D4001D5CD2 /* TitleLabel.swift in Sources */ = {isa = PBXBuildFile; fileRef = 0CA374142C5BC7D4001D5CD2 /* TitleLabel.swift */; };
		0CA3741C2C5BC8A8001D5CD2 /* RTableView.swift in Sources */ = {isa = PBXBuildFile; fileRef = 0CA3741B2C5BC8A8001D5CD2 /* RTableView.swift */; };
/* End PBXBuildFile section */

/* Begin PBXFileReference section */
		0CA3733F2C57CC59001D5CD2 /* rockets.app */ = {isa = PBXFileReference; explicitFileType = wrapper.application; includeInIndex = 0; path = rockets.app; sourceTree = BUILT_PRODUCTS_DIR; };
		0CA373422C57CC59001D5CD2 /* AppDelegate.swift */ = {isa = PBXFileReference; lastKnownFileType = sourcecode.swift; path = AppDelegate.swift; sourceTree = "<group>"; };
		0CA373442C57CC59001D5CD2 /* SceneDelegate.swift */ = {isa = PBXFileReference; lastKnownFileType = sourcecode.swift; path = SceneDelegate.swift; sourceTree = "<group>"; };
		0CA3734B2C57CC5A001D5CD2 /* Assets.xcassets */ = {isa = PBXFileReference; lastKnownFileType = folder.assetcatalog; path = Assets.xcassets; sourceTree = "<group>"; };
		0CA3734E2C57CC5A001D5CD2 /* Base */ = {isa = PBXFileReference; lastKnownFileType = file.storyboard; name = Base; path = Base.lproj/LaunchScreen.storyboard; sourceTree = "<group>"; };
		0CA373502C57CC5A001D5CD2 /* Info.plist */ = {isa = PBXFileReference; lastKnownFileType = text.plist.xml; path = Info.plist; sourceTree = "<group>"; };
		0CA373602C57D56C001D5CD2 /* .swiftlint.yml */ = {isa = PBXFileReference; fileEncoding = 4; lastKnownFileType = text.yaml; path = .swiftlint.yml; sourceTree = "<group>"; };
		0CA3738D2C57DCEE001D5CD2 /* LabGrotesque-Bold.ttf */ = {isa = PBXFileReference; lastKnownFileType = file; path = "LabGrotesque-Bold.ttf"; sourceTree = "<group>"; };
		0CA3738E2C57DCEE001D5CD2 /* LabGrotesque-Medium.ttf */ = {isa = PBXFileReference; lastKnownFileType = file; path = "LabGrotesque-Medium.ttf"; sourceTree = "<group>"; };
		0CA3738F2C57DCEE001D5CD2 /* LabGrotesque-Regular.ttf */ = {isa = PBXFileReference; lastKnownFileType = file; path = "LabGrotesque-Regular.ttf"; sourceTree = "<group>"; };
		0CA373972C57DFF9001D5CD2 /* AppTheme.swift */ = {isa = PBXFileReference; lastKnownFileType = sourcecode.swift; path = AppTheme.swift; sourceTree = "<group>"; };
		0CA373B72C591173001D5CD2 /* RocketsViewProtocol.swift */ = {isa = PBXFileReference; lastKnownFileType = sourcecode.swift; path = RocketsViewProtocol.swift; sourceTree = "<group>"; };
		0CA373BA2C591180001D5CD2 /* RocketsViewController.swift */ = {isa = PBXFileReference; lastKnownFileType = sourcecode.swift; path = RocketsViewController.swift; sourceTree = "<group>"; };
		0CA373BC2C591189001D5CD2 /* RocketsPresenter.swift */ = {isa = PBXFileReference; lastKnownFileType = sourcecode.swift; path = RocketsPresenter.swift; sourceTree = "<group>"; };
		0CA373BE2C591194001D5CD2 /* RocketsInteractor.swift */ = {isa = PBXFileReference; lastKnownFileType = sourcecode.swift; path = RocketsInteractor.swift; sourceTree = "<group>"; };
		0CA373C12C5911AC001D5CD2 /* RocketsRouter.swift */ = {isa = PBXFileReference; lastKnownFileType = sourcecode.swift; path = RocketsRouter.swift; sourceTree = "<group>"; };
		0CA373C32C5911BB001D5CD2 /* RocketsRouterProtocol.swift */ = {isa = PBXFileReference; lastKnownFileType = sourcecode.swift; path = RocketsRouterProtocol.swift; sourceTree = "<group>"; };
		0CA373C52C5911D2001D5CD2 /* RocketsIntercatorProtocol.swift */ = {isa = PBXFileReference; lastKnownFileType = sourcecode.swift; path = RocketsIntercatorProtocol.swift; sourceTree = "<group>"; };
		0CA373C72C591338001D5CD2 /* TransitionHandler.swift */ = {isa = PBXFileReference; lastKnownFileType = sourcecode.swift; path = TransitionHandler.swift; sourceTree = "<group>"; };
		0CA373CA2C5916BA001D5CD2 /* RocketsModuleAssembly.swift */ = {isa = PBXFileReference; lastKnownFileType = sourcecode.swift; path = RocketsModuleAssembly.swift; sourceTree = "<group>"; };
		0CA373CD2C5919A2001D5CD2 /* RocketsView.swift */ = {isa = PBXFileReference; lastKnownFileType = sourcecode.swift; path = RocketsView.swift; sourceTree = "<group>"; };
		0CA373D12C591A0E001D5CD2 /* UIView+Ext.swift */ = {isa = PBXFileReference; lastKnownFileType = sourcecode.swift; path = "UIView+Ext.swift"; sourceTree = "<group>"; };
		0CA373D42C591B8A001D5CD2 /* SliderCollectionView.swift */ = {isa = PBXFileReference; lastKnownFileType = sourcecode.swift; path = SliderCollectionView.swift; sourceTree = "<group>"; };
		0CA373D62C592FA8001D5CD2 /* PageControl.swift */ = {isa = PBXFileReference; lastKnownFileType = sourcecode.swift; path = PageControl.swift; sourceTree = "<group>"; };
		0CA373D92C593606001D5CD2 /* RocketCell.swift */ = {isa = PBXFileReference; lastKnownFileType = sourcecode.swift; path = RocketCell.swift; sourceTree = "<group>"; };
		0CA373DC2C594D87001D5CD2 /* RocketScrollView.swift */ = {isa = PBXFileReference; lastKnownFileType = sourcecode.swift; path = RocketScrollView.swift; sourceTree = "<group>"; };
		0CA373E52C5A736E001D5CD2 /* RocketStatsTableViewCell.swift */ = {isa = PBXFileReference; lastKnownFileType = sourcecode.swift; path = RocketStatsTableViewCell.swift; sourceTree = "<group>"; };
		0CA373E72C5A73D9001D5CD2 /* ReuseIdentifiable.swift */ = {isa = PBXFileReference; lastKnownFileType = sourcecode.swift; path = ReuseIdentifiable.swift; sourceTree = "<group>"; };
		0CA373EC2C5A7542001D5CD2 /* RocketDataCell.swift */ = {isa = PBXFileReference; lastKnownFileType = sourcecode.swift; path = RocketDataCell.swift; sourceTree = "<group>"; };
		0CA373EF2C5A7F26001D5CD2 /* RocketDescriptionTableViewCell.swift */ = {isa = PBXFileReference; lastKnownFileType = sourcecode.swift; path = RocketDescriptionTableViewCell.swift; sourceTree = "<group>"; };
		0CA373F22C5A9B47001D5CD2 /* TableView.swift */ = {isa = PBXFileReference; lastKnownFileType = sourcecode.swift; path = TableView.swift; sourceTree = "<group>"; };
		0CA373F52C5AAB28001D5CD2 /* TableFooterView.swift */ = {isa = PBXFileReference; lastKnownFileType = sourcecode.swift; path = TableFooterView.swift; sourceTree = "<group>"; };
		0CA373FB2C5AC32D001D5CD2 /* RocketStatsCollectionView.swift */ = {isa = PBXFileReference; lastKnownFileType = sourcecode.swift; path = RocketStatsCollectionView.swift; sourceTree = "<group>"; };
		0CA374102C5BC3BA001D5CD2 /* ContentView.swift */ = {isa = PBXFileReference; lastKnownFileType = sourcecode.swift; path = ContentView.swift; sourceTree = "<group>"; };
		0CA374142C5BC7D4001D5CD2 /* TitleLabel.swift */ = {isa = PBXFileReference; lastKnownFileType = sourcecode.swift; path = TitleLabel.swift; sourceTree = "<group>"; };
		0CA3741B2C5BC8A8001D5CD2 /* RTableView.swift */ = {isa = PBXFileReference; lastKnownFileType = sourcecode.swift; path = RTableView.swift; sourceTree = "<group>"; };
/* End PBXFileReference section */

/* Begin PBXFrameworksBuildPhase section */
		0CA3733C2C57CC59001D5CD2 /* Frameworks */ = {
			isa = PBXFrameworksBuildPhase;
			buildActionMask = 2147483647;
			files = (
				0CA373642C57D709001D5CD2 /* SnapKit in Frameworks */,
				0CA373672C57D7AA001D5CD2 /* RswiftLibrary in Frameworks */,
			);
			runOnlyForDeploymentPostprocessing = 0;
		};
/* End PBXFrameworksBuildPhase section */

/* Begin PBXGroup section */
		0CA373362C57CC59001D5CD2 = {
			isa = PBXGroup;
			children = (
				0CA373412C57CC59001D5CD2 /* rockets */,
				0CA373402C57CC59001D5CD2 /* Products */,
			);
			sourceTree = "<group>";
		};
		0CA373402C57CC59001D5CD2 /* Products */ = {
			isa = PBXGroup;
			children = (
				0CA3733F2C57CC59001D5CD2 /* rockets.app */,
			);
			name = Products;
			sourceTree = "<group>";
		};
		0CA373412C57CC59001D5CD2 /* rockets */ = {
			isa = PBXGroup;
			children = (
				0CA373602C57D56C001D5CD2 /* .swiftlint.yml */,
				0CA373D02C5919FB001D5CD2 /* Helpers */,
				0CA3739D2C57E2E0001D5CD2 /* App */,
				0CA373AE2C5910DF001D5CD2 /* Modules */,
				0CA373562C57CD1A001D5CD2 /* Resources */,
			);
			path = rockets;
			sourceTree = "<group>";
		};
		0CA373562C57CD1A001D5CD2 /* Resources */ = {
			isa = PBXGroup;
			children = (
				0CA373972C57DFF9001D5CD2 /* AppTheme.swift */,
				0CA3736D2C57D890001D5CD2 /* Fonts */,
				0CA3734B2C57CC5A001D5CD2 /* Assets.xcassets */,
				0CA3734D2C57CC5A001D5CD2 /* LaunchScreen.storyboard */,
				0CA373502C57CC5A001D5CD2 /* Info.plist */,
			);
			path = Resources;
			sourceTree = "<group>";
		};
		0CA3736D2C57D890001D5CD2 /* Fonts */ = {
			isa = PBXGroup;
			children = (
				0CA3738D2C57DCEE001D5CD2 /* LabGrotesque-Bold.ttf */,
				0CA3738E2C57DCEE001D5CD2 /* LabGrotesque-Medium.ttf */,
				0CA3738F2C57DCEE001D5CD2 /* LabGrotesque-Regular.ttf */,
			);
			path = Fonts;
			sourceTree = "<group>";
		};
		0CA3739D2C57E2E0001D5CD2 /* App */ = {
			isa = PBXGroup;
			children = (
				0CA373422C57CC59001D5CD2 /* AppDelegate.swift */,
				0CA373442C57CC59001D5CD2 /* SceneDelegate.swift */,
			);
			path = App;
			sourceTree = "<group>";
		};
		0CA373AE2C5910DF001D5CD2 /* Modules */ = {
			isa = PBXGroup;
			children = (
				0CA373AF2C5910FC001D5CD2 /* Rockets */,
				0CA373B02C591102001D5CD2 /* Lauches */,
				0CA373B12C59110A001D5CD2 /* Preferences */,
			);
			path = Modules;
			sourceTree = "<group>";
		};
		0CA373AF2C5910FC001D5CD2 /* Rockets */ = {
			isa = PBXGroup;
			children = (
				0CA373B62C591134001D5CD2 /* Models */,
				0CA373C02C591199001D5CD2 /* Assembly */,
				0CA373B52C59112B001D5CD2 /* Router */,
				0CA373B42C591124001D5CD2 /* Interactor */,
				0CA373B32C59111F001D5CD2 /* Presenter */,
				0CA373B22C59111A001D5CD2 /* View */,
			);
			path = Rockets;
			sourceTree = "<group>";
		};
		0CA373B02C591102001D5CD2 /* Lauches */ = {
			isa = PBXGroup;
			children = (
			);
			path = Lauches;
			sourceTree = "<group>";
		};
		0CA373B12C59110A001D5CD2 /* Preferences */ = {
			isa = PBXGroup;
			children = (
			);
			path = Preferences;
			sourceTree = "<group>";
		};
		0CA373B22C59111A001D5CD2 /* View */ = {
			isa = PBXGroup;
			children = (
				0CA374012C5AC6D4001D5CD2 /* View protocols */,
				0CA374002C5AC6BF001D5CD2 /* ViewController */,
				0CA373E12C5A72F3001D5CD2 /* View components */,
			);
			path = View;
			sourceTree = "<group>";
		};
		0CA373B32C59111F001D5CD2 /* Presenter */ = {
			isa = PBXGroup;
			children = (
				0CA373BC2C591189001D5CD2 /* RocketsPresenter.swift */,
			);
			path = Presenter;
			sourceTree = "<group>";
		};
		0CA373B42C591124001D5CD2 /* Interactor */ = {
			isa = PBXGroup;
			children = (
				0CA373BE2C591194001D5CD2 /* RocketsInteractor.swift */,
				0CA373C52C5911D2001D5CD2 /* RocketsIntercatorProtocol.swift */,
			);
			path = Interactor;
			sourceTree = "<group>";
		};
		0CA373B52C59112B001D5CD2 /* Router */ = {
			isa = PBXGroup;
			children = (
				0CA373C12C5911AC001D5CD2 /* RocketsRouter.swift */,
				0CA373C32C5911BB001D5CD2 /* RocketsRouterProtocol.swift */,
				0CA373C72C591338001D5CD2 /* TransitionHandler.swift */,
			);
			path = Router;
			sourceTree = "<group>";
		};
		0CA373B62C591134001D5CD2 /* Models */ = {
			isa = PBXGroup;
			children = (
			);
			path = Models;
			sourceTree = "<group>";
		};
		0CA373C02C591199001D5CD2 /* Assembly */ = {
			isa = PBXGroup;
			children = (
				0CA373CA2C5916BA001D5CD2 /* RocketsModuleAssembly.swift */,
			);
			path = Assembly;
			sourceTree = "<group>";
		};
		0CA373D02C5919FB001D5CD2 /* Helpers */ = {
			isa = PBXGroup;
			children = (
				0CA373FF2C5AC5DB001D5CD2 /* UI components */,
				0CA373FE2C5AC5CD001D5CD2 /* Extensions */,
			);
			path = Helpers;
			sourceTree = "<group>";
		};
		0CA373E12C5A72F3001D5CD2 /* View components */ = {
			isa = PBXGroup;
			children = (
				0CA373CD2C5919A2001D5CD2 /* RocketsView.swift */,
				0CA374042C5AC712001D5CD2 /* PageControl */,
				0CA374032C5AC709001D5CD2 /* Slider */,
			);
			path = "View components";
			sourceTree = "<group>";
		};
		0CA373F82C5AB1C5001D5CD2 /* Cells */ = {
			isa = PBXGroup;
			children = (
				0CA373E52C5A736E001D5CD2 /* RocketStatsTableViewCell.swift */,
				0CA373EF2C5A7F26001D5CD2 /* RocketDescriptionTableViewCell.swift */,
			);
			path = Cells;
			sourceTree = "<group>";
		};
		0CA373FE2C5AC5CD001D5CD2 /* Extensions */ = {
			isa = PBXGroup;
			children = (
				0CA373D12C591A0E001D5CD2 /* UIView+Ext.swift */,
				0CA373E72C5A73D9001D5CD2 /* ReuseIdentifiable.swift */,
			);
			path = Extensions;
			sourceTree = "<group>";
		};
		0CA373FF2C5AC5DB001D5CD2 /* UI components */ = {
			isa = PBXGroup;
			children = (
				0CA374182C5BC887001D5CD2 /* Title */,
				0CA374172C5BC87C001D5CD2 /* TableView */,
			);
			path = "UI components";
			sourceTree = "<group>";
		};
		0CA374002C5AC6BF001D5CD2 /* ViewController */ = {
			isa = PBXGroup;
			children = (
				0CA373BA2C591180001D5CD2 /* RocketsViewController.swift */,
			);
			path = ViewController;
			sourceTree = "<group>";
		};
		0CA374012C5AC6D4001D5CD2 /* View protocols */ = {
			isa = PBXGroup;
			children = (
				0CA373B72C591173001D5CD2 /* RocketsViewProtocol.swift */,
			);
			path = "View protocols";
			sourceTree = "<group>";
		};
		0CA374032C5AC709001D5CD2 /* Slider */ = {
			isa = PBXGroup;
			children = (
				0CA373D42C591B8A001D5CD2 /* SliderCollectionView.swift */,
				0CA374062C5AC76B001D5CD2 /* RocketCollectionCell */,
			);
			path = Slider;
			sourceTree = "<group>";
		};
		0CA374042C5AC712001D5CD2 /* PageControl */ = {
			isa = PBXGroup;
			children = (
				0CA373D62C592FA8001D5CD2 /* PageControl.swift */,
			);
			path = PageControl;
			sourceTree = "<group>";
		};
		0CA374062C5AC76B001D5CD2 /* RocketCollectionCell */ = {
			isa = PBXGroup;
			children = (
				0CA373D92C593606001D5CD2 /* RocketCell.swift */,
				0CA374072C5AC792001D5CD2 /* ScrollView */,
			);
			path = RocketCollectionCell;
			sourceTree = "<group>";
		};
		0CA374072C5AC792001D5CD2 /* ScrollView */ = {
			isa = PBXGroup;
			children = (
				0CA373DC2C594D87001D5CD2 /* RocketScrollView.swift */,
				0CA374132C5BC7C9001D5CD2 /* Title */,
				0CA3740F2C5BC3AF001D5CD2 /* ContentView */,
				0CA374082C5AC7B5001D5CD2 /* TableView */,
			);
			path = ScrollView;
			sourceTree = "<group>";
		};
		0CA374082C5AC7B5001D5CD2 /* TableView */ = {
			isa = PBXGroup;
			children = (
				0CA373F22C5A9B47001D5CD2 /* TableView.swift */,
				0CA374092C5AC807001D5CD2 /* Rocket Stats  */,
				0CA3740B2C5AC83B001D5CD2 /* Footer */,
				0CA373F82C5AB1C5001D5CD2 /* Cells */,
			);
			path = TableView;
			sourceTree = "<group>";
		};
		0CA374092C5AC807001D5CD2 /* Rocket Stats  */ = {
			isa = PBXGroup;
			children = (
				0CA373FB2C5AC32D001D5CD2 /* RocketStatsCollectionView.swift */,
				0CA3740A2C5AC825001D5CD2 /* Cell */,
			);
			path = "Rocket Stats ";
			sourceTree = "<group>";
		};
		0CA3740A2C5AC825001D5CD2 /* Cell */ = {
			isa = PBXGroup;
			children = (
				0CA373EC2C5A7542001D5CD2 /* RocketDataCell.swift */,
			);
			path = Cell;
			sourceTree = "<group>";
		};
		0CA3740B2C5AC83B001D5CD2 /* Footer */ = {
			isa = PBXGroup;
			children = (
				0CA373F52C5AAB28001D5CD2 /* TableFooterView.swift */,
			);
			path = Footer;
			sourceTree = "<group>";
		};
		0CA3740F2C5BC3AF001D5CD2 /* ContentView */ = {
			isa = PBXGroup;
			children = (
				0CA374102C5BC3BA001D5CD2 /* ContentView.swift */,
			);
			path = ContentView;
			sourceTree = "<group>";
		};
		0CA374132C5BC7C9001D5CD2 /* Title */ = {
			isa = PBXGroup;
			children = (
			);
			path = Title;
			sourceTree = "<group>";
		};
		0CA374172C5BC87C001D5CD2 /* TableView */ = {
			isa = PBXGroup;
			children = (
				0CA3741B2C5BC8A8001D5CD2 /* RTableView.swift */,
			);
			path = TableView;
			sourceTree = "<group>";
		};
		0CA374182C5BC887001D5CD2 /* Title */ = {
			isa = PBXGroup;
			children = (
				0CA374142C5BC7D4001D5CD2 /* TitleLabel.swift */,
			);
			path = Title;
			sourceTree = "<group>";
		};
/* End PBXGroup section */

/* Begin PBXNativeTarget section */
		0CA3733E2C57CC59001D5CD2 /* rockets */ = {
			isa = PBXNativeTarget;
			buildConfigurationList = 0CA373532C57CC5A001D5CD2 /* Build configuration list for PBXNativeTarget "rockets" */;
			buildPhases = (
				0CA3733B2C57CC59001D5CD2 /* Sources */,
				0CA3733C2C57CC59001D5CD2 /* Frameworks */,
				0CA3733D2C57CC59001D5CD2 /* Resources */,
				0CA3735E2C57CF99001D5CD2 /* ShellScript */,
			);
			buildRules = (
			);
			dependencies = (
				0CA373692C57D7E0001D5CD2 /* PBXTargetDependency */,
			);
			name = rockets;
			packageProductDependencies = (
				0CA373632C57D709001D5CD2 /* SnapKit */,
				0CA373662C57D7AA001D5CD2 /* RswiftLibrary */,
			);
			productName = rockets;
			productReference = 0CA3733F2C57CC59001D5CD2 /* rockets.app */;
			productType = "com.apple.product-type.application";
		};
/* End PBXNativeTarget section */

/* Begin PBXProject section */
		0CA373372C57CC59001D5CD2 /* Project object */ = {
			isa = PBXProject;
			attributes = {
				BuildIndependentTargetsInParallel = 1;
				LastSwiftUpdateCheck = 1540;
				LastUpgradeCheck = 1540;
				TargetAttributes = {
					0CA3733E2C57CC59001D5CD2 = {
						CreatedOnToolsVersion = 15.4;
					};
				};
			};
			buildConfigurationList = 0CA3733A2C57CC59001D5CD2 /* Build configuration list for PBXProject "rockets" */;
			compatibilityVersion = "Xcode 14.0";
			developmentRegion = en;
			hasScannedForEncodings = 0;
			knownRegions = (
				en,
				Base,
			);
			mainGroup = 0CA373362C57CC59001D5CD2;
			packageReferences = (
				0CA3735F2C57D0D9001D5CD2 /* XCRemoteSwiftPackageReference "SwiftLintPlugins" */,
				0CA373622C57D709001D5CD2 /* XCRemoteSwiftPackageReference "SnapKit" */,
				0CA373652C57D7AA001D5CD2 /* XCRemoteSwiftPackageReference "R.swift" */,
			);
			productRefGroup = 0CA373402C57CC59001D5CD2 /* Products */;
			projectDirPath = "";
			projectRoot = "";
			targets = (
				0CA3733E2C57CC59001D5CD2 /* rockets */,
			);
		};
/* End PBXProject section */

/* Begin PBXResourcesBuildPhase section */
		0CA3733D2C57CC59001D5CD2 /* Resources */ = {
			isa = PBXResourcesBuildPhase;
			buildActionMask = 2147483647;
			files = (
				0CA373912C57DCEE001D5CD2 /* LabGrotesque-Medium.ttf in Resources */,
				0CA373922C57DCEE001D5CD2 /* LabGrotesque-Regular.ttf in Resources */,
				0CA373612C57D56C001D5CD2 /* .swiftlint.yml in Resources */,
				0CA373902C57DCEE001D5CD2 /* LabGrotesque-Bold.ttf in Resources */,
				0CA3734C2C57CC5A001D5CD2 /* Assets.xcassets in Resources */,
				0CA3734F2C57CC5A001D5CD2 /* Base in Resources */,
			);
			runOnlyForDeploymentPostprocessing = 0;
		};
/* End PBXResourcesBuildPhase section */

/* Begin PBXShellScriptBuildPhase section */
		0CA3735E2C57CF99001D5CD2 /* ShellScript */ = {
			isa = PBXShellScriptBuildPhase;
			alwaysOutOfDate = 1;
			buildActionMask = 2147483647;
			files = (
			);
			inputFileListPaths = (
			);
			inputPaths = (
			);
			outputFileListPaths = (
			);
			outputPaths = (
			);
			runOnlyForDeploymentPostprocessing = 0;
			shellPath = /bin/sh;
			shellScript = "SWIFT_PACKAGE_DIR=\"${BUILD_DIR%Build/*}SourcePackages/artifacts\"\nSWIFTLINT_CMD=$(ls \"$SWIFT_PACKAGE_DIR\"/swiftlintplugins/SwiftLintBinary/SwiftLintBinary.artifactbundle/swiftlint-*/bin/swiftlint | head -n 1)\n\nif test -f \"$SWIFTLINT_CMD\" 2>&1\nthen\n    \"$SWIFTLINT_CMD\"\nelse\n    echo \"warning: `swiftlint` command not found - See https://github.com/realm/SwiftLint#installation for installation instructions.\"\nfi\n";
			showEnvVarsInLog = 0;
		};
/* End PBXShellScriptBuildPhase section */

/* Begin PBXSourcesBuildPhase section */
		0CA3733B2C57CC59001D5CD2 /* Sources */ = {
			isa = PBXSourcesBuildPhase;
			buildActionMask = 2147483647;
			files = (
				0CA373BF2C591194001D5CD2 /* RocketsInteractor.swift in Sources */,
				0CA373DA2C593606001D5CD2 /* RocketCell.swift in Sources */,
				0CA373BD2C591189001D5CD2 /* RocketsPresenter.swift in Sources */,
				0CA373E82C5A73D9001D5CD2 /* ReuseIdentifiable.swift in Sources */,
				0CA3741C2C5BC8A8001D5CD2 /* RTableView.swift in Sources */,
				0CA373C22C5911AC001D5CD2 /* RocketsRouter.swift in Sources */,
				0CA373CB2C5916BA001D5CD2 /* RocketsModuleAssembly.swift in Sources */,
				0CA373D22C591A0E001D5CD2 /* UIView+Ext.swift in Sources */,
				0CA373CE2C5919A2001D5CD2 /* RocketsView.swift in Sources */,
				0CA373DD2C594D87001D5CD2 /* RocketScrollView.swift in Sources */,
				0CA373B82C591173001D5CD2 /* RocketsViewProtocol.swift in Sources */,
				0CA374112C5BC3BA001D5CD2 /* ContentView.swift in Sources */,
				0CA373C82C591338001D5CD2 /* TransitionHandler.swift in Sources */,
				0CA373C62C5911D2001D5CD2 /* RocketsIntercatorProtocol.swift in Sources */,
				0CA373F32C5A9B47001D5CD2 /* TableView.swift in Sources */,
				0CA373ED2C5A7542001D5CD2 /* RocketDataCell.swift in Sources */,
				0CA373F02C5A7F26001D5CD2 /* RocketDescriptionTableViewCell.swift in Sources */,
				0CA373FC2C5AC32D001D5CD2 /* RocketStatsCollectionView.swift in Sources */,
				0CA373D52C591B8A001D5CD2 /* SliderCollectionView.swift in Sources */,
				0CA373BB2C591180001D5CD2 /* RocketsViewController.swift in Sources */,
				0CA373C42C5911BB001D5CD2 /* RocketsRouterProtocol.swift in Sources */,
				0CA373F62C5AAB28001D5CD2 /* TableFooterView.swift in Sources */,
				0CA373E62C5A736E001D5CD2 /* RocketStatsTableViewCell.swift in Sources */,
				0CA373D72C592FA8001D5CD2 /* PageControl.swift in Sources */,
				0CA373982C57DFF9001D5CD2 /* AppTheme.swift in Sources */,
				0CA374152C5BC7D4001D5CD2 /* TitleLabel.swift in Sources */,
				0CA373432C57CC59001D5CD2 /* AppDelegate.swift in Sources */,
				0CA373452C57CC59001D5CD2 /* SceneDelegate.swift in Sources */,
			);
			runOnlyForDeploymentPostprocessing = 0;
		};
/* End PBXSourcesBuildPhase section */

/* Begin PBXTargetDependency section */
		0CA373692C57D7E0001D5CD2 /* PBXTargetDependency */ = {
			isa = PBXTargetDependency;
			productRef = 0CA373682C57D7E0001D5CD2 /* RswiftGenerateInternalResources */;
		};
/* End PBXTargetDependency section */

/* Begin PBXVariantGroup section */
		0CA3734D2C57CC5A001D5CD2 /* LaunchScreen.storyboard */ = {
			isa = PBXVariantGroup;
			children = (
				0CA3734E2C57CC5A001D5CD2 /* Base */,
			);
			name = LaunchScreen.storyboard;
			sourceTree = "<group>";
		};
/* End PBXVariantGroup section */

/* Begin XCBuildConfiguration section */
		0CA373512C57CC5A001D5CD2 /* Debug */ = {
			isa = XCBuildConfiguration;
			buildSettings = {
				ALWAYS_SEARCH_USER_PATHS = NO;
				ASSETCATALOG_COMPILER_GENERATE_SWIFT_ASSET_SYMBOL_EXTENSIONS = YES;
				CLANG_ANALYZER_NONNULL = YES;
				CLANG_ANALYZER_NUMBER_OBJECT_CONVERSION = YES_AGGRESSIVE;
				CLANG_CXX_LANGUAGE_STANDARD = "gnu++20";
				CLANG_ENABLE_MODULES = YES;
				CLANG_ENABLE_OBJC_ARC = YES;
				CLANG_ENABLE_OBJC_WEAK = YES;
				CLANG_WARN_BLOCK_CAPTURE_AUTORELEASING = YES;
				CLANG_WARN_BOOL_CONVERSION = YES;
				CLANG_WARN_COMMA = YES;
				CLANG_WARN_CONSTANT_CONVERSION = YES;
				CLANG_WARN_DEPRECATED_OBJC_IMPLEMENTATIONS = YES;
				CLANG_WARN_DIRECT_OBJC_ISA_USAGE = YES_ERROR;
				CLANG_WARN_DOCUMENTATION_COMMENTS = YES;
				CLANG_WARN_EMPTY_BODY = YES;
				CLANG_WARN_ENUM_CONVERSION = YES;
				CLANG_WARN_INFINITE_RECURSION = YES;
				CLANG_WARN_INT_CONVERSION = YES;
				CLANG_WARN_NON_LITERAL_NULL_CONVERSION = YES;
				CLANG_WARN_OBJC_IMPLICIT_RETAIN_SELF = YES;
				CLANG_WARN_OBJC_LITERAL_CONVERSION = YES;
				CLANG_WARN_OBJC_ROOT_CLASS = YES_ERROR;
				CLANG_WARN_QUOTED_INCLUDE_IN_FRAMEWORK_HEADER = YES;
				CLANG_WARN_RANGE_LOOP_ANALYSIS = YES;
				CLANG_WARN_STRICT_PROTOTYPES = YES;
				CLANG_WARN_SUSPICIOUS_MOVE = YES;
				CLANG_WARN_UNGUARDED_AVAILABILITY = YES_AGGRESSIVE;
				CLANG_WARN_UNREACHABLE_CODE = YES;
				CLANG_WARN__DUPLICATE_METHOD_MATCH = YES;
				COPY_PHASE_STRIP = NO;
				DEBUG_INFORMATION_FORMAT = dwarf;
				ENABLE_STRICT_OBJC_MSGSEND = YES;
				ENABLE_TESTABILITY = YES;
				ENABLE_USER_SCRIPT_SANDBOXING = NO;
				GCC_C_LANGUAGE_STANDARD = gnu17;
				GCC_DYNAMIC_NO_PIC = NO;
				GCC_NO_COMMON_BLOCKS = YES;
				GCC_OPTIMIZATION_LEVEL = 0;
				GCC_PREPROCESSOR_DEFINITIONS = (
					"DEBUG=1",
					"$(inherited)",
				);
				GCC_WARN_64_TO_32_BIT_CONVERSION = YES;
				GCC_WARN_ABOUT_RETURN_TYPE = YES_ERROR;
				GCC_WARN_UNDECLARED_SELECTOR = YES;
				GCC_WARN_UNINITIALIZED_AUTOS = YES_AGGRESSIVE;
				GCC_WARN_UNUSED_FUNCTION = YES;
				GCC_WARN_UNUSED_VARIABLE = YES;
				IPHONEOS_DEPLOYMENT_TARGET = 13.0;
				LOCALIZATION_PREFERS_STRING_CATALOGS = YES;
				MTL_ENABLE_DEBUG_INFO = INCLUDE_SOURCE;
				MTL_FAST_MATH = YES;
				ONLY_ACTIVE_ARCH = YES;
				SDKROOT = iphoneos;
				SWIFT_ACTIVE_COMPILATION_CONDITIONS = "DEBUG $(inherited)";
				SWIFT_OPTIMIZATION_LEVEL = "-Onone";
			};
			name = Debug;
		};
		0CA373522C57CC5A001D5CD2 /* Release */ = {
			isa = XCBuildConfiguration;
			buildSettings = {
				ALWAYS_SEARCH_USER_PATHS = NO;
				ASSETCATALOG_COMPILER_GENERATE_SWIFT_ASSET_SYMBOL_EXTENSIONS = YES;
				CLANG_ANALYZER_NONNULL = YES;
				CLANG_ANALYZER_NUMBER_OBJECT_CONVERSION = YES_AGGRESSIVE;
				CLANG_CXX_LANGUAGE_STANDARD = "gnu++20";
				CLANG_ENABLE_MODULES = YES;
				CLANG_ENABLE_OBJC_ARC = YES;
				CLANG_ENABLE_OBJC_WEAK = YES;
				CLANG_WARN_BLOCK_CAPTURE_AUTORELEASING = YES;
				CLANG_WARN_BOOL_CONVERSION = YES;
				CLANG_WARN_COMMA = YES;
				CLANG_WARN_CONSTANT_CONVERSION = YES;
				CLANG_WARN_DEPRECATED_OBJC_IMPLEMENTATIONS = YES;
				CLANG_WARN_DIRECT_OBJC_ISA_USAGE = YES_ERROR;
				CLANG_WARN_DOCUMENTATION_COMMENTS = YES;
				CLANG_WARN_EMPTY_BODY = YES;
				CLANG_WARN_ENUM_CONVERSION = YES;
				CLANG_WARN_INFINITE_RECURSION = YES;
				CLANG_WARN_INT_CONVERSION = YES;
				CLANG_WARN_NON_LITERAL_NULL_CONVERSION = YES;
				CLANG_WARN_OBJC_IMPLICIT_RETAIN_SELF = YES;
				CLANG_WARN_OBJC_LITERAL_CONVERSION = YES;
				CLANG_WARN_OBJC_ROOT_CLASS = YES_ERROR;
				CLANG_WARN_QUOTED_INCLUDE_IN_FRAMEWORK_HEADER = YES;
				CLANG_WARN_RANGE_LOOP_ANALYSIS = YES;
				CLANG_WARN_STRICT_PROTOTYPES = YES;
				CLANG_WARN_SUSPICIOUS_MOVE = YES;
				CLANG_WARN_UNGUARDED_AVAILABILITY = YES_AGGRESSIVE;
				CLANG_WARN_UNREACHABLE_CODE = YES;
				CLANG_WARN__DUPLICATE_METHOD_MATCH = YES;
				COPY_PHASE_STRIP = NO;
				DEBUG_INFORMATION_FORMAT = "dwarf-with-dsym";
				ENABLE_NS_ASSERTIONS = NO;
				ENABLE_STRICT_OBJC_MSGSEND = YES;
				ENABLE_USER_SCRIPT_SANDBOXING = NO;
				GCC_C_LANGUAGE_STANDARD = gnu17;
				GCC_NO_COMMON_BLOCKS = YES;
				GCC_WARN_64_TO_32_BIT_CONVERSION = YES;
				GCC_WARN_ABOUT_RETURN_TYPE = YES_ERROR;
				GCC_WARN_UNDECLARED_SELECTOR = YES;
				GCC_WARN_UNINITIALIZED_AUTOS = YES_AGGRESSIVE;
				GCC_WARN_UNUSED_FUNCTION = YES;
				GCC_WARN_UNUSED_VARIABLE = YES;
				IPHONEOS_DEPLOYMENT_TARGET = 13.0;
				LOCALIZATION_PREFERS_STRING_CATALOGS = YES;
				MTL_ENABLE_DEBUG_INFO = NO;
				MTL_FAST_MATH = YES;
				SDKROOT = iphoneos;
				SWIFT_COMPILATION_MODE = wholemodule;
				VALIDATE_PRODUCT = YES;
			};
			name = Release;
		};
		0CA373542C57CC5A001D5CD2 /* Debug */ = {
			isa = XCBuildConfiguration;
			buildSettings = {
				ASSETCATALOG_COMPILER_APPICON_NAME = AppIcon;
				ASSETCATALOG_COMPILER_GLOBAL_ACCENT_COLOR_NAME = AccentColor;
				CODE_SIGN_STYLE = Automatic;
				CURRENT_PROJECT_VERSION = 1;
				DEVELOPMENT_TEAM = 4YYVSHC6RN;
				GENERATE_INFOPLIST_FILE = YES;
				INFOPLIST_FILE = rockets/Resources/Info.plist;
				INFOPLIST_KEY_UIApplicationSupportsIndirectInputEvents = YES;
				INFOPLIST_KEY_UILaunchStoryboardName = LaunchScreen;
				INFOPLIST_KEY_UISupportedInterfaceOrientations = UIInterfaceOrientationPortrait;
				INFOPLIST_KEY_UISupportedInterfaceOrientations_iPad = "UIInterfaceOrientationLandscapeLeft UIInterfaceOrientationLandscapeRight UIInterfaceOrientationPortrait UIInterfaceOrientationPortraitUpsideDown";
				INFOPLIST_KEY_UIUserInterfaceStyle = Dark;
				LD_RUNPATH_SEARCH_PATHS = (
					"$(inherited)",
					"@executable_path/Frameworks",
				);
				MARKETING_VERSION = 1.0;
				PRODUCT_BUNDLE_IDENTIFIER = io.atebenkov.rockets;
				PRODUCT_NAME = "$(TARGET_NAME)";
				SUPPORTED_PLATFORMS = "iphoneos iphonesimulator";
				SUPPORTS_MACCATALYST = NO;
				SUPPORTS_MAC_DESIGNED_FOR_IPHONE_IPAD = NO;
				SUPPORTS_XR_DESIGNED_FOR_IPHONE_IPAD = NO;
				SWIFT_EMIT_LOC_STRINGS = YES;
				SWIFT_VERSION = 5.0;
				TARGETED_DEVICE_FAMILY = 1;
			};
			name = Debug;
		};
		0CA373552C57CC5A001D5CD2 /* Release */ = {
			isa = XCBuildConfiguration;
			buildSettings = {
				ASSETCATALOG_COMPILER_APPICON_NAME = AppIcon;
				ASSETCATALOG_COMPILER_GLOBAL_ACCENT_COLOR_NAME = AccentColor;
				CODE_SIGN_STYLE = Automatic;
				CURRENT_PROJECT_VERSION = 1;
				DEVELOPMENT_TEAM = 4YYVSHC6RN;
				GENERATE_INFOPLIST_FILE = YES;
				INFOPLIST_FILE = rockets/Resources/Info.plist;
				INFOPLIST_KEY_UIApplicationSupportsIndirectInputEvents = YES;
				INFOPLIST_KEY_UILaunchStoryboardName = LaunchScreen;
				INFOPLIST_KEY_UISupportedInterfaceOrientations = UIInterfaceOrientationPortrait;
				INFOPLIST_KEY_UISupportedInterfaceOrientations_iPad = "UIInterfaceOrientationLandscapeLeft UIInterfaceOrientationLandscapeRight UIInterfaceOrientationPortrait UIInterfaceOrientationPortraitUpsideDown";
				INFOPLIST_KEY_UIUserInterfaceStyle = Dark;
				LD_RUNPATH_SEARCH_PATHS = (
					"$(inherited)",
					"@executable_path/Frameworks",
				);
				MARKETING_VERSION = 1.0;
				PRODUCT_BUNDLE_IDENTIFIER = io.atebenkov.rockets;
				PRODUCT_NAME = "$(TARGET_NAME)";
				SUPPORTED_PLATFORMS = "iphoneos iphonesimulator";
				SUPPORTS_MACCATALYST = NO;
				SUPPORTS_MAC_DESIGNED_FOR_IPHONE_IPAD = NO;
				SUPPORTS_XR_DESIGNED_FOR_IPHONE_IPAD = NO;
				SWIFT_EMIT_LOC_STRINGS = YES;
				SWIFT_VERSION = 5.0;
				TARGETED_DEVICE_FAMILY = 1;
			};
			name = Release;
		};
/* End XCBuildConfiguration section */

/* Begin XCConfigurationList section */
		0CA3733A2C57CC59001D5CD2 /* Build configuration list for PBXProject "rockets" */ = {
			isa = XCConfigurationList;
			buildConfigurations = (
				0CA373512C57CC5A001D5CD2 /* Debug */,
				0CA373522C57CC5A001D5CD2 /* Release */,
			);
			defaultConfigurationIsVisible = 0;
			defaultConfigurationName = Release;
		};
		0CA373532C57CC5A001D5CD2 /* Build configuration list for PBXNativeTarget "rockets" */ = {
			isa = XCConfigurationList;
			buildConfigurations = (
				0CA373542C57CC5A001D5CD2 /* Debug */,
				0CA373552C57CC5A001D5CD2 /* Release */,
			);
			defaultConfigurationIsVisible = 0;
			defaultConfigurationName = Release;
		};
/* End XCConfigurationList section */

/* Begin XCRemoteSwiftPackageReference section */
		0CA3735F2C57D0D9001D5CD2 /* XCRemoteSwiftPackageReference "SwiftLintPlugins" */ = {
			isa = XCRemoteSwiftPackageReference;
			repositoryURL = "https://github.com/SimplyDanny/SwiftLintPlugins";
			requirement = {
				kind = upToNextMajorVersion;
				minimumVersion = 0.55.1;
			};
		};
		0CA373622C57D709001D5CD2 /* XCRemoteSwiftPackageReference "SnapKit" */ = {
			isa = XCRemoteSwiftPackageReference;
			repositoryURL = "https://github.com/SnapKit/SnapKit";
			requirement = {
				kind = upToNextMajorVersion;
				minimumVersion = 5.7.1;
			};
		};
		0CA373652C57D7AA001D5CD2 /* XCRemoteSwiftPackageReference "R.swift" */ = {
			isa = XCRemoteSwiftPackageReference;
			repositoryURL = "https://github.com/mac-cain13/R.swift.git";
			requirement = {
				kind = upToNextMajorVersion;
				minimumVersion = 7.5.0;
			};
		};
/* End XCRemoteSwiftPackageReference section */

/* Begin XCSwiftPackageProductDependency section */
		0CA373632C57D709001D5CD2 /* SnapKit */ = {
			isa = XCSwiftPackageProductDependency;
			package = 0CA373622C57D709001D5CD2 /* XCRemoteSwiftPackageReference "SnapKit" */;
			productName = SnapKit;
		};
		0CA373662C57D7AA001D5CD2 /* RswiftLibrary */ = {
			isa = XCSwiftPackageProductDependency;
			package = 0CA373652C57D7AA001D5CD2 /* XCRemoteSwiftPackageReference "R.swift" */;
			productName = RswiftLibrary;
		};
		0CA373682C57D7E0001D5CD2 /* RswiftGenerateInternalResources */ = {
			isa = XCSwiftPackageProductDependency;
			package = 0CA373652C57D7AA001D5CD2 /* XCRemoteSwiftPackageReference "R.swift" */;
			productName = "plugin:RswiftGenerateInternalResources";
		};
/* End XCSwiftPackageProductDependency section */
	};
	rootObject = 0CA373372C57CC59001D5CD2 /* Project object */;
}
